
Microsoft Visual Studio Solution File, Format Version 12.00
# Visual Studio Version 16
VisualStudioVersion = 16.0.30413.136
MinimumVisualStudioVersion = 10.0.40219.1
Project("{FAE04EC0-301F-11D3-BF4B-00C04F79EFBC}") = "Snake1", "Snake1\Snake1.csproj", "{49C04AD7-22D6-425C-8E79-E7A63361DE9B}"
EndProject
Global
	GlobalSection(SolutionConfigurationPlatforms) = preSolution
		Debug|Any CPU = Debug|Any CPU
		Release|Any CPU = Release|Any CPU
	EndGlobalSection
	GlobalSection(ProjectConfigurationPlatforms) = postSolution
		{49C04AD7-22D6-425C-8E79-E7A63361DE9B}.Debug|Any CPU.ActiveCfg = Debug|Any CPU
		{49C04AD7-22D6-425C-8E79-E7A63361DE9B}.Debug|Any CPU.Build.0 = Debug|Any CPU
		{49C04AD7-22D6-425C-8E79-E7A63361DE9B}.Release|Any CPU.ActiveCfg = Release|Any CPU
		{49C04AD7-22D6-425C-8E79-E7A63361DE9B}.Release|Any CPU.Build.0 = Release|Any CPU
	EndGlobalSection
	GlobalSection(SolutionProperties) = preSolution
		HideSolutionNode = FALSE
	EndGlobalSection
	GlobalSection(ExtensibilityGlobals) = postSolution
		SolutionGuid = {215FDA3C-693C-4A50-908D-819AD04CEBB0}
	EndGlobalSection
EndGlobal
